
Microsoft Visual Studio Solution File, Format Version 12.00
# Visual Studio Version 16
VisualStudioVersion = 16.0.32106.194
MinimumVisualStudioVersion = 10.0.40219.1
Project("{FAE04EC0-301F-11D3-BF4B-00C04F79EFBC}") = "UserCrationTool", "UserCrationTool\UserCrationTool.csproj", "{0F4CCE23-9DDE-44B4-8B0F-CC5FC5E665EC}"
EndProject
Global
	GlobalSection(SolutionConfigurationPlatforms) = preSolution
		Debug|Any CPU = Debug|Any CPU
		Release|Any CPU = Release|Any CPU
	EndGlobalSection
	GlobalSection(ProjectConfigurationPlatforms) = postSolution
		{0F4CCE23-9DDE-44B4-8B0F-CC5FC5E665EC}.Debug|Any CPU.ActiveCfg = Debug|Any CPU
		{0F4CCE23-9DDE-44B4-8B0F-CC5FC5E665EC}.Debug|Any CPU.Build.0 = Debug|Any CPU
		{0F4CCE23-9DDE-44B4-8B0F-CC5FC5E665EC}.Release|Any CPU.ActiveCfg = Release|Any CPU
		{0F4CCE23-9DDE-44B4-8B0F-CC5FC5E665EC}.Release|Any CPU.Build.0 = Release|Any CPU
	EndGlobalSection
	GlobalSection(SolutionProperties) = preSolution
		HideSolutionNode = FALSE
	EndGlobalSection
	GlobalSection(ExtensibilityGlobals) = postSolution
		SolutionGuid = {FF821758-57E5-4CC7-8873-A55C36B049BC}
	EndGlobalSection
EndGlobal
